
Microsoft Visual Studio Solution File, Format Version 12.00
# Visual Studio Version 17
VisualStudioVersion = 17.2.32519.379
MinimumVisualStudioVersion = 10.0.40219.1
Project("{9A19103F-16F7-4668-BE54-9A1E7A4F7556}") = "Saba.Api", "Saba.Api\Saba.Api.csproj", "{B9BA0F12-C655-4A18-B0E8-5136855A0704}"
EndProject
Project("{FAE04EC0-301F-11D3-BF4B-00C04F79EFBC}") = "Saba.Data", "Saba.Data\Saba.Data.csproj", "{8547D816-AC51-43DC-941E-302C77E0FF9A}"
EndProject
Global
	GlobalSection(SolutionConfigurationPlatforms) = preSolution
		Debug|Any CPU = Debug|Any CPU
		Release|Any CPU = Release|Any CPU
	EndGlobalSection
	GlobalSection(ProjectConfigurationPlatforms) = postSolution
		{B9BA0F12-C655-4A18-B0E8-5136855A0704}.Debug|Any CPU.ActiveCfg = Debug|Any CPU
		{B9BA0F12-C655-4A18-B0E8-5136855A0704}.Debug|Any CPU.Build.0 = Debug|Any CPU
		{B9BA0F12-C655-4A18-B0E8-5136855A0704}.Release|Any CPU.ActiveCfg = Release|Any CPU
		{B9BA0F12-C655-4A18-B0E8-5136855A0704}.Release|Any CPU.Build.0 = Release|Any CPU
		{8547D816-AC51-43DC-941E-302C77E0FF9A}.Debug|Any CPU.ActiveCfg = Debug|Any CPU
		{8547D816-AC51-43DC-941E-302C77E0FF9A}.Debug|Any CPU.Build.0 = Debug|Any CPU
		{8547D816-AC51-43DC-941E-302C77E0FF9A}.Release|Any CPU.ActiveCfg = Release|Any CPU
		{8547D816-AC51-43DC-941E-302C77E0FF9A}.Release|Any CPU.Build.0 = Release|Any CPU
	EndGlobalSection
	GlobalSection(SolutionProperties) = preSolution
		HideSolutionNode = FALSE
	EndGlobalSection
	GlobalSection(ExtensibilityGlobals) = postSolution
		SolutionGuid = {FEBF4448-75BD-4195-B5B8-F4CD92191C05}
	EndGlobalSection
EndGlobal
